
Microsoft Visual Studio Solution File, Format Version 12.00
# Visual Studio Version 17
VisualStudioVersion = 17.14.36518.9 d17.14
MinimumVisualStudioVersion = 10.0.40219.1
Project("{8BC9CEB8-8B4A-11D0-8D11-00A0C91BC942}") = "SD4", "SD4.vcxproj", "{F7F4EA37-C23C-4B0C-8D1A-3C68BB24CCAF}"
EndProject
Global
	GlobalSection(SolutionConfigurationPlatforms) = preSolution
		Debug|x64 = Debug|x64
		Debug|x86 = Debug|x86
		Release|x64 = Release|x64
		Release|x86 = Release|x86
	EndGlobalSection
	GlobalSection(ProjectConfigurationPlatforms) = postSolution
		{F7F4EA37-C23C-4B0C-8D1A-3C68BB24CCAF}.Debug|x64.ActiveCfg = Debug|x64
		{F7F4EA37-C23C-4B0C-8D1A-3C68BB24CCAF}.Debug|x64.Build.0 = Debug|x64
		{F7F4EA37-C23C-4B0C-8D1A-3C68BB24CCAF}.Debug|x86.ActiveCfg = Debug|Win32
		{F7F4EA37-C23C-4B0C-8D1A-3C68BB24CCAF}.Debug|x86.Build.0 = Debug|Win32
		{F7F4EA37-C23C-4B0C-8D1A-3C68BB24CCAF}.Release|x64.ActiveCfg = Release|x64
		{F7F4EA37-C23C-4B0C-8D1A-3C68BB24CCAF}.Release|x64.Build.0 = Release|x64
		{F7F4EA37-C23C-4B0C-8D1A-3C68BB24CCAF}.Release|x86.ActiveCfg = Release|Win32
		{F7F4EA37-C23C-4B0C-8D1A-3C68BB24CCAF}.Release|x86.Build.0 = Release|Win32
	EndGlobalSection
	GlobalSection(SolutionProperties) = preSolution
		HideSolutionNode = FALSE
	EndGlobalSection
	GlobalSection(ExtensibilityGlobals) = postSolution
		SolutionGuid = {2F68027E-EB2E-40AA-9452-008D3A9F6619}
	EndGlobalSection
EndGlobal
